
Microsoft Visual Studio Solution File, Format Version 12.00
# Visual Studio Version 16
VisualStudioVersion = 16.0.30711.63
MinimumVisualStudioVersion = 10.0.40219.1
Project("{FAE04EC0-301F-11D3-BF4B-00C04F79EFBC}") = "WebDriverController.Tests", "WebDriverController.Tests\WebDriverController.Tests.csproj", "{9C6E17A7-9FC1-480A-AE36-DE5AF318DB5F}"
EndProject
Project("{FAE04EC0-301F-11D3-BF4B-00C04F79EFBC}") = "WebDriverController.Lib", "WebDriverController.Lib\WebDriverController.Lib.csproj", "{23E99765-27F9-43FF-AF8D-395A16966611}"
EndProject
Global
	GlobalSection(SolutionConfigurationPlatforms) = preSolution
		Debug|Any CPU = Debug|Any CPU
		Release|Any CPU = Release|Any CPU
	EndGlobalSection
	GlobalSection(ProjectConfigurationPlatforms) = postSolution
		{9C6E17A7-9FC1-480A-AE36-DE5AF318DB5F}.Debug|Any CPU.ActiveCfg = Debug|Any CPU
		{9C6E17A7-9FC1-480A-AE36-DE5AF318DB5F}.Debug|Any CPU.Build.0 = Debug|Any CPU
		{9C6E17A7-9FC1-480A-AE36-DE5AF318DB5F}.Release|Any CPU.ActiveCfg = Release|Any CPU
		{9C6E17A7-9FC1-480A-AE36-DE5AF318DB5F}.Release|Any CPU.Build.0 = Release|Any CPU
		{23E99765-27F9-43FF-AF8D-395A16966611}.Debug|Any CPU.ActiveCfg = Debug|Any CPU
		{23E99765-27F9-43FF-AF8D-395A16966611}.Debug|Any CPU.Build.0 = Debug|Any CPU
		{23E99765-27F9-43FF-AF8D-395A16966611}.Release|Any CPU.ActiveCfg = Release|Any CPU
		{23E99765-27F9-43FF-AF8D-395A16966611}.Release|Any CPU.Build.0 = Release|Any CPU
	EndGlobalSection
	GlobalSection(SolutionProperties) = preSolution
		HideSolutionNode = FALSE
	EndGlobalSection
	GlobalSection(ExtensibilityGlobals) = postSolution
		SolutionGuid = {95E3FADB-07AC-4D79-B0B4-CD858D8057E6}
	EndGlobalSection
EndGlobal
